
Microsoft Visual Studio Solution File, Format Version 12.00
# Visual Studio Version 17
VisualStudioVersion = 17.14.36408.4
MinimumVisualStudioVersion = 10.0.40219.1
Project("{FAE04EC0-301F-11D3-BF4B-00C04F79EFBC}") = "WhatsappClient", "WhatsappClient\WhatsappClient.csproj", "{2A34902A-5D58-4DF9-99D2-8E064C0AF6E7}"
EndProject
Global
	GlobalSection(SolutionConfigurationPlatforms) = preSolution
		Debug|Any CPU = Debug|Any CPU
		Release|Any CPU = Release|Any CPU
	EndGlobalSection
	GlobalSection(ProjectConfigurationPlatforms) = postSolution
		{2A34902A-5D58-4DF9-99D2-8E064C0AF6E7}.Debug|Any CPU.ActiveCfg = Debug|Any CPU
		{2A34902A-5D58-4DF9-99D2-8E064C0AF6E7}.Debug|Any CPU.Build.0 = Debug|Any CPU
		{2A34902A-5D58-4DF9-99D2-8E064C0AF6E7}.Release|Any CPU.ActiveCfg = Release|Any CPU
		{2A34902A-5D58-4DF9-99D2-8E064C0AF6E7}.Release|Any CPU.Build.0 = Release|Any CPU
	EndGlobalSection
	GlobalSection(SolutionProperties) = preSolution
		HideSolutionNode = FALSE
	EndGlobalSection
	GlobalSection(ExtensibilityGlobals) = postSolution
		SolutionGuid = {91556520-A7EF-408A-8777-4E76D786DA91}
	EndGlobalSection
EndGlobal
